Microsoft Visual Studio Solution File, Format Version 12.00
# Visual Studio Version 17
VisualStudioVersion = 17.5.2.0
MinimumVisualStudioVersion = 10.0.40219.1
Project("{FAE04EC0-301F-11D3-BF4B-00C04F79EFBC}") = "dcit318-assignment3-11341365", "FinanceManagement\dcit318-assignment3-11341365.csproj", "{7F584B0D-8E45-199A-47BB-351C19E26265}"
EndProject
Global
	GlobalSection(SolutionConfigurationPlatforms) = preSolution
		Debug|Any CPU = Debug|Any CPU
		Release|Any CPU = Release|Any CPU
	EndGlobalSection
	GlobalSection(ProjectConfigurationPlatforms) = postSolution
		{7F584B0D-8E45-199A-47BB-351C19E26265}.Debug|Any CPU.ActiveCfg = Debug|Any CPU
		{7F584B0D-8E45-199A-47BB-351C19E26265}.Debug|Any CPU.Build.0 = Debug|Any CPU
		{7F584B0D-8E45-199A-47BB-351C19E26265}.Release|Any CPU.ActiveCfg = Release|Any CPU
		{7F584B0D-8E45-199A-47BB-351C19E26265}.Release|Any CPU.Build.0 = Release|Any CPU
	EndGlobalSection
	GlobalSection(SolutionProperties) = preSolution
		HideSolutionNode = FALSE
	EndGlobalSection
	GlobalSection(ExtensibilityGlobals) = postSolution
		SolutionGuid = {2E7AF1FA-B192-4093-BEDC-2EED52CCC92C}
	EndGlobalSection
EndGlobal
